{
	"name": "FreedomCF",
	"lockfileVersion": 3,
	"requires": true,
	"packages": {
		"": {
			"dependencies": {
				"scss": "^0.2.4",
				"uni-simple-router": "^2.0.8-beta.4"
			}
		},
		"node_modules/.pnpm/ometa@0.2.2/node_modules/ometa": {
			"version": "0.2.2",
			"engines": {
				"node": ">= 0.2.0"
			}
		},
		"node_modules/.pnpm/scss@0.2.4": {},
		"node_modules/.pnpm/scss@0.2.4/node_modules/ometa": {
			"resolved": "node_modules/.pnpm/ometa@0.2.2/node_modules/ometa",
			"link": true
		},
		"node_modules/.pnpm/scss@0.2.4/node_modules/scss": {
			"version": "0.2.4",
			"dependencies": {
				"ometa": "0.2.2"
			},
			"engines": {
				"node": ">= 0.2.0"
			}
		},
		"node_modules/scss": {
			"resolved": "node_modules/.pnpm/scss@0.2.4/node_modules/scss",
			"link": true
		},
		"node_modules/uni-simple-router": {
			"version": "2.0.8-beta.4",
			"resolved": "https://registry.npmjs.org/uni-simple-router/-/uni-simple-router-2.0.8-beta.4.tgz",
			"integrity": "sha512-ipTHhOaRvjV8qrt3HosX5pNMhwFYBnFOuKyV5joH0evfXubjrGI5tjdwpmwzfW5h3VBth3iAqScv+pW/QmIJXw=="
		}
	}
}
